
Microsoft Visual Studio Solution File, Format Version 12.00
# Visual Studio Version 16
VisualStudioVersion = 16.0.28803.352
MinimumVisualStudioVersion = 10.0.40219.1
Project("{9A19103F-16F7-4668-BE54-9A1E7A4F7556}") = "NeuralNetworksAndDeepLearning", "NeuralNetworksAndDeepLearning\NeuralNetworksAndDeepLearning.csproj", "{0B1FF277-5259-442E-A330-1E4536C0ADD7}"
EndProject
Project("{9A19103F-16F7-4668-BE54-9A1E7A4F7556}") = "NeuralNetworksAndDeepLearning.Demo", "Demo\NeuralNetworksAndDeepLearning.Demo.csproj", "{2417C345-5663-43A5-B3DF-E994693CCD23}"
EndProject
Project("{9A19103F-16F7-4668-BE54-9A1E7A4F7556}") = "NeuralNetworksAndDeepLearning.Visualizer", "NeuralNetworksAndDeepLearning.Visualizer\NeuralNetworksAndDeepLearning.Visualizer.csproj", "{3071AC79-9F88-4C2B-9F53-9ABECC788CB5}"
EndProject
Project("{9A19103F-16F7-4668-BE54-9A1E7A4F7556}") = "NeuralNetworksAndDeepLearning.Convolutional", "NeuralNetworksAndDeepLearning.Convolutional\NeuralNetworksAndDeepLearning.Convolutional.csproj", "{F829185A-F242-4664-AD77-4F4A38C82A40}"
EndProject
Global
	GlobalSection(SolutionConfigurationPlatforms) = preSolution
		Debug|Any CPU = Debug|Any CPU
		Release|Any CPU = Release|Any CPU
	EndGlobalSection
	GlobalSection(ProjectConfigurationPlatforms) = postSolution
		{0B1FF277-5259-442E-A330-1E4536C0ADD7}.Debug|Any CPU.ActiveCfg = Debug|Any CPU
		{0B1FF277-5259-442E-A330-1E4536C0ADD7}.Debug|Any CPU.Build.0 = Debug|Any CPU
		{0B1FF277-5259-442E-A330-1E4536C0ADD7}.Release|Any CPU.ActiveCfg = Release|Any CPU
		{0B1FF277-5259-442E-A330-1E4536C0ADD7}.Release|Any CPU.Build.0 = Release|Any CPU
		{2417C345-5663-43A5-B3DF-E994693CCD23}.Debug|Any CPU.ActiveCfg = Debug|Any CPU
		{2417C345-5663-43A5-B3DF-E994693CCD23}.Debug|Any CPU.Build.0 = Debug|Any CPU
		{2417C345-5663-43A5-B3DF-E994693CCD23}.Release|Any CPU.ActiveCfg = Release|Any CPU
		{2417C345-5663-43A5-B3DF-E994693CCD23}.Release|Any CPU.Build.0 = Release|Any CPU
		{3071AC79-9F88-4C2B-9F53-9ABECC788CB5}.Debug|Any CPU.ActiveCfg = Debug|Any CPU
		{3071AC79-9F88-4C2B-9F53-9ABECC788CB5}.Debug|Any CPU.Build.0 = Debug|Any CPU
		{3071AC79-9F88-4C2B-9F53-9ABECC788CB5}.Release|Any CPU.ActiveCfg = Release|Any CPU
		{3071AC79-9F88-4C2B-9F53-9ABECC788CB5}.Release|Any CPU.Build.0 = Release|Any CPU
		{F829185A-F242-4664-AD77-4F4A38C82A40}.Debug|Any CPU.ActiveCfg = Debug|Any CPU
		{F829185A-F242-4664-AD77-4F4A38C82A40}.Debug|Any CPU.Build.0 = Debug|Any CPU
		{F829185A-F242-4664-AD77-4F4A38C82A40}.Release|Any CPU.ActiveCfg = Release|Any CPU
		{F829185A-F242-4664-AD77-4F4A38C82A40}.Release|Any CPU.Build.0 = Release|Any CPU
	EndGlobalSection
	GlobalSection(SolutionProperties) = preSolution
		HideSolutionNode = FALSE
	EndGlobalSection
	GlobalSection(ExtensibilityGlobals) = postSolution
		SolutionGuid = {FD22A0FF-94AC-48F3-B32E-EEB3F4F227FE}
	EndGlobalSection
EndGlobal
